PODS:
  - ActiveLabel (0.7.1)
  - Alamofire (4.6.0)
  - AlamofireImage (3.3.0):
    - Alamofire (~> 4.5)
  - DateToolsSwift (2.0.3)
  - KeychainAccess (3.0.1)
  - KMPlaceholderTextView (1.3.0)
  - OAuthSwift (1.1.1)
  - OAuthSwiftAlamofire (0.1.0):
    - Alamofire
    - OAuthSwift
  - TTTAttributedLabel (2.0.0)

DEPENDENCIES:
  - ActiveLabel
  - Alamofire (~> 4.5)
  - AlamofireImage (~> 3.3)
  - DateToolsSwift
  - KeychainAccess
  - KMPlaceholderTextView (~> 1.3.0)
  - OAuthSwift
  - OAuthSwiftAlamofire
  - TTTAttributedLabel

SPEC CHECKSUMS:
  ActiveLabel: 68625f22775f51c31bb691ca8de20f1e5a3bc825
  Alamofire: f41a599bd63041760b26d393ec1069d9d7b917f4
  AlamofireImage: 2e784dc5d00f04903a52c1d169181469c805c3df
  DateToolsSwift: bf69bf9056d9e53c5c03f06e51f219b9b8b02f9e
  KeychainAccess: 017ea25e313a49eda10bb19b0bb0760fb1edfe1a
  KMPlaceholderTextView: 2bbcd19a273648a80a61e1e48f9743a24d8930e3
  OAuthSwift: 6e3a103b3e5639411769cc7e199ec7e14bd1547f
  OAuthSwiftAlamofire: 20bb998ac506f82c3bab0625fbc98a9c6fca783f
  TTTAttributedLabel: 8cffe8e127e4e82ff3af1e5386d4cd0ad000b656

PODFILE CHECKSUM: 2ef4bb1efc9dbccb9835a9c60c52b6d40ecc4506

COCOAPODS: 1.3.1
